{
  "name": "@review-stadium/review-stadium",
  "version": "0.0.0",
  "lockfileVersion": 3,
  "requires": true,
  "packages": {
    "": {
      "name": "@review-stadium/review-stadium",
      "version": "0.0.0",
      "license": "UNLICENSED",
      "workspaces": [
        "infra/construction"
      ],
      "dependencies": {
        "typescript": "^4.9.5"
      },
      "devDependencies": {}
    },
    "infra": {},
    "infra/construction": {
      "name": "@review-stadium/construction",
      "version": "0.0.0",
      "license": "UNLICENSED",
      "devDependencies": {}
    },
    "node_modules/@review-stadium/construction": {
      "resolved": "infra/construction",
      "link": true
    },
    "node_modules/typescript": {
      "version": "4.9.5",
      "license": "Apache-2.0",
      "bin": {
        "tsc": "bin/tsc",
        "tsserver": "bin/tsserver"
      },
      "engines": {
        "node": ">=4.2.0"
      }
    }
  }
}
